
Microsoft Visual Studio Solution File, Format Version 12.00
# Visual Studio Version 16
VisualStudioVersion = 16.0.31112.23
MinimumVisualStudioVersion = 10.0.40219.1
Project("{FAE04EC0-301F-11D3-BF4B-00C04F79EFBC}") = "A894182.Actividad01", "A894182.Actividad01\A894182.Actividad01.csproj", "{468DC495-A641-451F-A306-59EC7CF0A096}"
EndProject
Global
	GlobalSection(SolutionConfigurationPlatforms) = preSolution
		Debug|Any CPU = Debug|Any CPU
		Release|Any CPU = Release|Any CPU
	EndGlobalSection
	GlobalSection(ProjectConfigurationPlatforms) = postSolution
		{468DC495-A641-451F-A306-59EC7CF0A096}.Debug|Any CPU.ActiveCfg = Debug|Any CPU
		{468DC495-A641-451F-A306-59EC7CF0A096}.Debug|Any CPU.Build.0 = Debug|Any CPU
		{468DC495-A641-451F-A306-59EC7CF0A096}.Release|Any CPU.ActiveCfg = Release|Any CPU
		{468DC495-A641-451F-A306-59EC7CF0A096}.Release|Any CPU.Build.0 = Release|Any CPU
	EndGlobalSection
	GlobalSection(SolutionProperties) = preSolution
		HideSolutionNode = FALSE
	EndGlobalSection
	GlobalSection(ExtensibilityGlobals) = postSolution
		SolutionGuid = {013BD23F-D434-4E7C-B439-AFCB4B92BFF4}
	EndGlobalSection
EndGlobal
